
Microsoft Visual Studio Solution File, Format Version 12.00
# Visual Studio 15
Project("{FAE04EC0-301F-11D3-BF4B-00C04F79EFBC}") = "ThroughTheFireAndLlamas", "ThroughTheFireAndLlamas.csproj", "{28899540-A9BD-C042-45F3-44ED4252B9AF}"
EndProject
Project("{FAE04EC0-301F-11D3-BF4B-00C04F79EFBC}") = "Assembly-CSharp-Editor", "Assembly-CSharp-Editor.csproj", "{C9988F76-D8EF-A3F9-1A43-F01542CCEACE}"
EndProject
Global
	GlobalSection(SolutionConfigurationPlatforms) = preSolution
		Debug|Any CPU = Debug|Any CPU
		Release|Any CPU = Release|Any CPU
	EndGlobalSection
	GlobalSection(ProjectConfigurationPlatforms) = postSolution
<<<<<<< Updated upstream
		{28899540-A9BD-C042-45F3-44ED4252B9AF}.Debug|Any CPU.ActiveCfg = Debug|Any CPU
		{28899540-A9BD-C042-45F3-44ED4252B9AF}.Debug|Any CPU.Build.0 = Debug|Any CPU
		{28899540-A9BD-C042-45F3-44ED4252B9AF}.Release|Any CPU.ActiveCfg = Release|Any CPU
		{28899540-A9BD-C042-45F3-44ED4252B9AF}.Release|Any CPU.Build.0 = Release|Any CPU
=======
		{CDB2C162-0583-854A-E91C-CAEC67BCCD48}.Debug|Any CPU.ActiveCfg = Debug|Any CPU
		{CDB2C162-0583-854A-E91C-CAEC67BCCD48}.Debug|Any CPU.Build.0 = Debug|Any CPU
		{CDB2C162-0583-854A-E91C-CAEC67BCCD48}.Release|Any CPU.ActiveCfg = Release|Any CPU
		{CDB2C162-0583-854A-E91C-CAEC67BCCD48}.Release|Any CPU.Build.0 = Release|Any CPU
		{C9988F76-D8EF-A3F9-1A43-F01542CCEACE}.Debug|Any CPU.ActiveCfg = Debug|Any CPU
		{C9988F76-D8EF-A3F9-1A43-F01542CCEACE}.Debug|Any CPU.Build.0 = Debug|Any CPU
		{C9988F76-D8EF-A3F9-1A43-F01542CCEACE}.Release|Any CPU.ActiveCfg = Release|Any CPU
		{C9988F76-D8EF-A3F9-1A43-F01542CCEACE}.Release|Any CPU.Build.0 = Release|Any CPU
>>>>>>> Stashed changes
	EndGlobalSection
	GlobalSection(SolutionProperties) = preSolution
		HideSolutionNode = FALSE
	EndGlobalSection
EndGlobal
