
Microsoft Visual Studio Solution File, Format Version 12.00
# Visual Studio 15
Project("{FAE04EC0-301F-11D3-BF4B-00C04F79EFBC}") = "ThroughTheFireAndLlamas", "ThroughTheFireAndLlamas.csproj", "{28899540-A9BD-C042-45F3-44ED4252B9AF}"
EndProject
Global
	GlobalSection(SolutionConfigurationPlatforms) = preSolution
		Debug|Any CPU = Debug|Any CPU
		Release|Any CPU = Release|Any CPU
	EndGlobalSection
	GlobalSection(ProjectConfigurationPlatforms) = postSolution
		{28899540-A9BD-C042-45F3-44ED4252B9AF}.Debug|Any CPU.ActiveCfg = Debug|Any CPU
		{28899540-A9BD-C042-45F3-44ED4252B9AF}.Debug|Any CPU.Build.0 = Debug|Any CPU
		{28899540-A9BD-C042-45F3-44ED4252B9AF}.Release|Any CPU.ActiveCfg = Release|Any CPU
		{28899540-A9BD-C042-45F3-44ED4252B9AF}.Release|Any CPU.Build.0 = Release|Any CPU
	EndGlobalSection
	GlobalSection(SolutionProperties) = preSolution
		HideSolutionNode = FALSE
	EndGlobalSection
EndGlobal
